// !$*UTF8*$!
{
	archiveVersion = 1;
	classes = {
	};
	objectVersion = 56;
	objects = {

/* Begin PBXBuildFile section */
		3DA386EF29D29C3200B35DDB /* BluetoothController.swift in Sources */ = {isa = PBXBuildFile; fileRef = 3DA386EE29D29C3200B35DDB /* BluetoothController.swift */; };
		3DEEE2E429D297160046984F /* AppDelegate.swift in Sources */ = {isa = PBXBuildFile; fileRef = 3DEEE2E329D297160046984F /* AppDelegate.swift */; };
		3DEEE2E629D297160046984F /* SceneDelegate.swift in Sources */ = {isa = PBXBuildFile; fileRef = 3DEEE2E529D297160046984F /* SceneDelegate.swift */; };
		3DEEE2E829D297160046984F /* ViewController.swift in Sources */ = {isa = PBXBuildFile; fileRef = 3DEEE2E729D297160046984F /* ViewController.swift */; };
		3DEEE2EB29D297160046984F /* Main.storyboard in Resources */ = {isa = PBXBuildFile; fileRef = 3DEEE2E929D297160046984F /* Main.storyboard */; };
		3DEEE2ED29D297160046984F /* Assets.xcassets in Resources */ = {isa = PBXBuildFile; fileRef = 3DEEE2EC29D297160046984F /* Assets.xcassets */; };
		3DEEE2F029D297160046984F /* LaunchScreen.storyboard in Resources */ = {isa = PBXBuildFile; fileRef = 3DEEE2EE29D297160046984F /* LaunchScreen.storyboard */; };
		3DEEE2FB29D297160046984F /* ControllerTests.swift in Sources */ = {isa = PBXBuildFile; fileRef = 3DEEE2FA29D297160046984F /* ControllerTests.swift */; };
		3DEEE30529D297160046984F /* ControllerUITests.swift in Sources */ = {isa = PBXBuildFile; fileRef = 3DEEE30429D297160046984F /* ControllerUITests.swift */; };
		3DEEE30729D297160046984F /* ControllerUITestsLaunchTests.swift in Sources */ = {isa = PBXBuildFile; fileRef = 3DEEE30629D297160046984F /* ControllerUITestsLaunchTests.swift */; };
/* End PBXBuildFile section */

/* Begin PBXContainerItemProxy section */
		3DEEE2F729D297160046984F /* PBXContainerItemProxy */ = {
			isa = PBXContainerItemProxy;
			containerPortal = 3DEEE2D829D297160046984F /* Project object */;
			proxyType = 1;
			remoteGlobalIDString = 3DEEE2DF29D297160046984F;
			remoteInfo = Controller;
		};
		3DEEE30129D297160046984F /* PBXContainerItemProxy */ = {
			isa = PBXContainerItemProxy;
			containerPortal = 3DEEE2D829D297160046984F /* Project object */;
			proxyType = 1;
			remoteGlobalIDString = 3DEEE2DF29D297160046984F;
			remoteInfo = Controller;
		};
/* End PBXContainerItemProxy section */

/* Begin PBXFileReference section */
		3DA386EE29D29C3200B35DDB /* BluetoothController.swift */ = {isa = PBXFileReference; lastKnownFileType = sourcecode.swift; path = BluetoothController.swift; sourceTree = "<group>"; };
		3DEEE2E029D297160046984F /* Controller.app */ = {isa = PBXFileReference; explicitFileType = wrapper.application; includeInIndex = 0; path = Controller.app; sourceTree = BUILT_PRODUCTS_DIR; };
		3DEEE2E329D297160046984F /* AppDelegate.swift */ = {isa = PBXFileReference; lastKnownFileType = sourcecode.swift; path = AppDelegate.swift; sourceTree = "<group>"; };
		3DEEE2E529D297160046984F /* SceneDelegate.swift */ = {isa = PBXFileReference; lastKnownFileType = sourcecode.swift; path = SceneDelegate.swift; sourceTree = "<group>"; };
		3DEEE2E729D297160046984F /* ViewController.swift */ = {isa = PBXFileReference; lastKnownFileType = sourcecode.swift; path = ViewController.swift; sourceTree = "<group>"; };
		3DEEE2EA29D297160046984F /* Base */ = {isa = PBXFileReference; lastKnownFileType = file.storyboard; name = Base; path = Base.lproj/Main.storyboard; sourceTree = "<group>"; };
		3DEEE2EC29D297160046984F /* Assets.xcassets */ = {isa = PBXFileReference; lastKnownFileType = folder.assetcatalog; path = Assets.xcassets; sourceTree = "<group>"; };
		3DEEE2EF29D297160046984F /* Base */ = {isa = PBXFileReference; lastKnownFileType = file.storyboard; name = Base; path = Base.lproj/LaunchScreen.storyboard; sourceTree = "<group>"; };
		3DEEE2F129D297160046984F /* Info.plist */ = {isa = PBXFileReference; lastKnownFileType = text.plist.xml; path = Info.plist; sourceTree = "<group>"; };
		3DEEE2F629D297160046984F /* ControllerTests.xctest */ = {isa = PBXFileReference; explicitFileType = wrapper.cfbundle; includeInIndex = 0; path = ControllerTests.xctest; sourceTree = BUILT_PRODUCTS_DIR; };
		3DEEE2FA29D297160046984F /* ControllerTests.swift */ = {isa = PBXFileReference; lastKnownFileType = sourcecode.swift; path = ControllerTests.swift; sourceTree = "<group>"; };
		3DEEE30029D297160046984F /* ControllerUITests.xctest */ = {isa = PBXFileReference; explicitFileType = wrapper.cfbundle; includeInIndex = 0; path = ControllerUITests.xctest; sourceTree = BUILT_PRODUCTS_DIR; };
		3DEEE30429D297160046984F /* ControllerUITests.swift */ = {isa = PBXFileReference; lastKnownFileType = sourcecode.swift; path = ControllerUITests.swift; sourceTree = "<group>"; };
		3DEEE30629D297160046984F /* ControllerUITestsLaunchTests.swift */ = {isa = PBXFileReference; lastKnownFileType = sourcecode.swift; path = ControllerUITestsLaunchTests.swift; sourceTree = "<group>"; };
/* End PBXFileReference section */

/* Begin PBXFrameworksBuildPhase section */
		3DEEE2DD29D297160046984F /* Frameworks */ = {
			isa = PBXFrameworksBuildPhase;
			buildActionMask = 2147483647;
			files = (
			);
			runOnlyForDeploymentPostprocessing = 0;
		};
		3DEEE2F329D297160046984F /* Frameworks */ = {
			isa = PBXFrameworksBuildPhase;
			buildActionMask = 2147483647;
			files = (
			);
			runOnlyForDeploymentPostprocessing = 0;
		};
		3DEEE2FD29D297160046984F /* Frameworks */ = {
			isa = PBXFrameworksBuildPhase;
			buildActionMask = 2147483647;
			files = (
			);
			runOnlyForDeploymentPostprocessing = 0;
		};
/* End PBXFrameworksBuildPhase section */

/* Begin PBXGroup section */
		3DEEE2D729D297160046984F = {
			isa = PBXGroup;
			children = (
				3DEEE2E229D297160046984F /* Controller */,
				3DEEE2F929D297160046984F /* ControllerTests */,
				3DEEE30329D297160046984F /* ControllerUITests */,
				3DEEE2E129D297160046984F /* Products */,
			);
			sourceTree = "<group>";
		};
		3DEEE2E129D297160046984F /* Products */ = {
			isa = PBXGroup;
			children = (
				3DEEE2E029D297160046984F /* Controller.app */,
				3DEEE2F629D297160046984F /* ControllerTests.xctest */,
				3DEEE30029D297160046984F /* ControllerUITests.xctest */,
			);
			name = Products;
			sourceTree = "<group>";
		};
		3DEEE2E229D297160046984F /* Controller */ = {
			isa = PBXGroup;
			children = (
				3DEEE2E329D297160046984F /* AppDelegate.swift */,
				3DEEE2E529D297160046984F /* SceneDelegate.swift */,
				3DEEE2E729D297160046984F /* ViewController.swift */,
				3DA386EE29D29C3200B35DDB /* BluetoothController.swift */,
				3DEEE2E929D297160046984F /* Main.storyboard */,
				3DEEE2EC29D297160046984F /* Assets.xcassets */,
				3DEEE2EE29D297160046984F /* LaunchScreen.storyboard */,
				3DEEE2F129D297160046984F /* Info.plist */,
			);
			path = Controller;
			sourceTree = "<group>";
		};
		3DEEE2F929D297160046984F /* ControllerTests */ = {
			isa = PBXGroup;
			children = (
				3DEEE2FA29D297160046984F /* ControllerTests.swift */,
			);
			path = ControllerTests;
			sourceTree = "<group>";
		};
		3DEEE30329D297160046984F /* ControllerUITests */ = {
			isa = PBXGroup;
			children = (
				3DEEE30429D297160046984F /* ControllerUITests.swift */,
				3DEEE30629D297160046984F /* ControllerUITestsLaunchTests.swift */,
			);
			path = ControllerUITests;
			sourceTree = "<group>";
		};
/* End PBXGroup section */

/* Begin PBXNativeTarget section */
		3DEEE2DF29D297160046984F /* Controller */ = {
			isa = PBXNativeTarget;
			buildConfigurationList = 3DEEE30A29D297160046984F /* Build configuration list for PBXNativeTarget "Controller" */;
			buildPhases = (
				3DEEE2DC29D297160046984F /* Sources */,
				3DEEE2DD29D297160046984F /* Frameworks */,
				3DEEE2DE29D297160046984F /* Resources */,
			);
			buildRules = (
			);
			dependencies = (
			);
			name = Controller;
			productName = Controller;
			productReference = 3DEEE2E029D297160046984F /* Controller.app */;
			productType = "com.apple.product-type.application";
		};
		3DEEE2F529D297160046984F /* ControllerTests */ = {
			isa = PBXNativeTarget;
			buildConfigurationList = 3DEEE30D29D297160046984F /* Build configuration list for PBXNativeTarget "ControllerTests" */;
			buildPhases = (
				3DEEE2F229D297160046984F /* Sources */,
				3DEEE2F329D297160046984F /* Frameworks */,
				3DEEE2F429D297160046984F /* Resources */,
			);
			buildRules = (
			);
			dependencies = (
				3DEEE2F829D297160046984F /* PBXTargetDependency */,
			);
			name = ControllerTests;
			productName = ControllerTests;
			productReference = 3DEEE2F629D297160046984F /* ControllerTests.xctest */;
			productType = "com.apple.product-type.bundle.unit-test";
		};
		3DEEE2FF29D297160046984F /* ControllerUITests */ = {
			isa = PBXNativeTarget;
			buildConfigurationList = 3DEEE31029D297160046984F /* Build configuration list for PBXNativeTarget "ControllerUITests" */;
			buildPhases = (
				3DEEE2FC29D297160046984F /* Sources */,
				3DEEE2FD29D297160046984F /* Frameworks */,
				3DEEE2FE29D297160046984F /* Resources */,
			);
			buildRules = (
			);
			dependencies = (
				3DEEE30229D297160046984F /* PBXTargetDependency */,
			);
			name = ControllerUITests;
			productName = ControllerUITests;
			productReference = 3DEEE30029D297160046984F /* ControllerUITests.xctest */;
			productType = "com.apple.product-type.bundle.ui-testing";
		};
/* End PBXNativeTarget section */

/* Begin PBXProject section */
		3DEEE2D829D297160046984F /* Project object */ = {
			isa = PBXProject;
			attributes = {
				BuildIndependentTargetsInParallel = 1;
				LastSwiftUpdateCheck = 1420;
				LastUpgradeCheck = 1420;
				TargetAttributes = {
					3DEEE2DF29D297160046984F = {
						CreatedOnToolsVersion = 14.2;
					};
					3DEEE2F529D297160046984F = {
						CreatedOnToolsVersion = 14.2;
						TestTargetID = 3DEEE2DF29D297160046984F;
					};
					3DEEE2FF29D297160046984F = {
						CreatedOnToolsVersion = 14.2;
						TestTargetID = 3DEEE2DF29D297160046984F;
					};
				};
			};
			buildConfigurationList = 3DEEE2DB29D297160046984F /* Build configuration list for PBXProject "Controller" */;
			compatibilityVersion = "Xcode 14.0";
			developmentRegion = en;
			hasScannedForEncodings = 0;
			knownRegions = (
				en,
				Base,
			);
			mainGroup = 3DEEE2D729D297160046984F;
			productRefGroup = 3DEEE2E129D297160046984F /* Products */;
			projectDirPath = "";
			projectRoot = "";
			targets = (
				3DEEE2DF29D297160046984F /* Controller */,
				3DEEE2F529D297160046984F /* ControllerTests */,
				3DEEE2FF29D297160046984F /* ControllerUITests */,
			);
		};
/* End PBXProject section */

/* Begin PBXResourcesBuildPhase section */
		3DEEE2DE29D297160046984F /* Resources */ = {
			isa = PBXResourcesBuildPhase;
			buildActionMask = 2147483647;
			files = (
				3DEEE2F029D297160046984F /* LaunchScreen.storyboard in Resources */,
				3DEEE2ED29D297160046984F /* Assets.xcassets in Resources */,
				3DEEE2EB29D297160046984F /* Main.storyboard in Resources */,
			);
			runOnlyForDeploymentPostprocessing = 0;
		};
		3DEEE2F429D297160046984F /* Resources */ = {
			isa = PBXResourcesBuildPhase;
			buildActionMask = 2147483647;
			files = (
			);
			runOnlyForDeploymentPostprocessing = 0;
		};
		3DEEE2FE29D297160046984F /* Resources */ = {
			isa = PBXResourcesBuildPhase;
			buildActionMask = 2147483647;
			files = (
			);
			runOnlyForDeploymentPostprocessing = 0;
		};
/* End PBXResourcesBuildPhase section */

/* Begin PBXSourcesBuildPhase section */
		3DEEE2DC29D297160046984F /* Sources */ = {
			isa = PBXSourcesBuildPhase;
			buildActionMask = 2147483647;
			files = (
				3DEEE2E829D297160046984F /* ViewController.swift in Sources */,
				3DEEE2E429D297160046984F /* AppDelegate.swift in Sources */,
				3DA386EF29D29C3200B35DDB /* BluetoothController.swift in Sources */,
				3DEEE2E629D297160046984F /* SceneDelegate.swift in Sources */,
			);
			runOnlyForDeploymentPostprocessing = 0;
		};
		3DEEE2F229D297160046984F /* Sources */ = {
			isa = PBXSourcesBuildPhase;
			buildActionMask = 2147483647;
			files = (
				3DEEE2FB29D297160046984F /* ControllerTests.swift in Sources */,
			);
			runOnlyForDeploymentPostprocessing = 0;
		};
		3DEEE2FC29D297160046984F /* Sources */ = {
			isa = PBXSourcesBuildPhase;
			buildActionMask = 2147483647;
			files = (
				3DEEE30729D297160046984F /* ControllerUITestsLaunchTests.swift in Sources */,
				3DEEE30529D297160046984F /* ControllerUITests.swift in Sources */,
			);
			runOnlyForDeploymentPostprocessing = 0;
		};
/* End PBXSourcesBuildPhase section */

/* Begin PBXTargetDependency section */
		3DEEE2F829D297160046984F /* PBXTargetDependency */ = {
			isa = PBXTargetDependency;
			target = 3DEEE2DF29D297160046984F /* Controller */;
			targetProxy = 3DEEE2F729D297160046984F /* PBXContainerItemProxy */;
		};
		3DEEE30229D297160046984F /* PBXTargetDependency */ = {
			isa = PBXTargetDependency;
			target = 3DEEE2DF29D297160046984F /* Controller */;
			targetProxy = 3DEEE30129D297160046984F /* PBXContainerItemProxy */;
		};
/* End PBXTargetDependency section */

/* Begin PBXVariantGroup section */
		3DEEE2E929D297160046984F /* Main.storyboard */ = {
			isa = PBXVariantGroup;
			children = (
				3DEEE2EA29D297160046984F /* Base */,
			);
			name = Main.storyboard;
			sourceTree = "<group>";
		};
		3DEEE2EE29D297160046984F /* LaunchScreen.storyboard */ = {
			isa = PBXVariantGroup;
			children = (
				3DEEE2EF29D297160046984F /* Base */,
			);
			name = LaunchScreen.storyboard;
			sourceTree = "<group>";
		};
/* End PBXVariantGroup section */

/* Begin XCBuildConfiguration section */
		3DEEE30829D297160046984F /* Debug */ = {
			isa = XCBuildConfiguration;
			buildSettings = {
				ALWAYS_SEARCH_USER_PATHS = NO;
				CLANG_ANALYZER_NONNULL = YES;
				CLANG_ANALYZER_NUMBER_OBJECT_CONVERSION = YES_AGGRESSIVE;
				CLANG_CXX_LANGUAGE_STANDARD = "gnu++20";
				CLANG_ENABLE_MODULES = YES;
				CLANG_ENABLE_OBJC_ARC = YES;
				CLANG_ENABLE_OBJC_WEAK = YES;
				CLANG_WARN_BLOCK_CAPTURE_AUTORELEASING = YES;
				CLANG_WARN_BOOL_CONVERSION = YES;
				CLANG_WARN_COMMA = YES;
				CLANG_WARN_CONSTANT_CONVERSION = YES;
				CLANG_WARN_DEPRECATED_OBJC_IMPLEMENTATIONS = YES;
				CLANG_WARN_DIRECT_OBJC_ISA_USAGE = YES_ERROR;
				CLANG_WARN_DOCUMENTATION_COMMENTS = YES;
				CLANG_WARN_EMPTY_BODY = YES;
				CLANG_WARN_ENUM_CONVERSION = YES;
				CLANG_WARN_INFINITE_RECURSION = YES;
				CLANG_WARN_INT_CONVERSION = YES;
				CLANG_WARN_NON_LITERAL_NULL_CONVERSION = YES;
				CLANG_WARN_OBJC_IMPLICIT_RETAIN_SELF = YES;
				CLANG_WARN_OBJC_LITERAL_CONVERSION = YES;
				CLANG_WARN_OBJC_ROOT_CLASS = YES_ERROR;
				CLANG_WARN_QUOTED_INCLUDE_IN_FRAMEWORK_HEADER = YES;
				CLANG_WARN_RANGE_LOOP_ANALYSIS = YES;
				CLANG_WARN_STRICT_PROTOTYPES = YES;
				CLANG_WARN_SUSPICIOUS_MOVE = YES;
				CLANG_WARN_UNGUARDED_AVAILABILITY = YES_AGGRESSIVE;
				CLANG_WARN_UNREACHABLE_CODE = YES;
				CLANG_WARN__DUPLICATE_METHOD_MATCH = YES;
				COPY_PHASE_STRIP = NO;
				DEBUG_INFORMATION_FORMAT = dwarf;
				ENABLE_STRICT_OBJC_MSGSEND = YES;
				ENABLE_TESTABILITY = YES;
				GCC_C_LANGUAGE_STANDARD = gnu11;
				GCC_DYNAMIC_NO_PIC = NO;
				GCC_NO_COMMON_BLOCKS = YES;
				GCC_OPTIMIZATION_LEVEL = 0;
				GCC_PREPROCESSOR_DEFINITIONS = (
					"DEBUG=1",
					"$(inherited)",
				);
				GCC_WARN_64_TO_32_BIT_CONVERSION = YES;
				GCC_WARN_ABOUT_RETURN_TYPE = YES_ERROR;
				GCC_WARN_UNDECLARED_SELECTOR = YES;
				GCC_WARN_UNINITIALIZED_AUTOS = YES_AGGRESSIVE;
				GCC_WARN_UNUSED_FUNCTION = YES;
				GCC_WARN_UNUSED_VARIABLE = YES;
				IPHONEOS_DEPLOYMENT_TARGET = 16.2;
				MTL_ENABLE_DEBUG_INFO = INCLUDE_SOURCE;
				MTL_FAST_MATH = YES;
				ONLY_ACTIVE_ARCH = YES;
				SDKROOT = iphoneos;
				SWIFT_ACTIVE_COMPILATION_CONDITIONS = DEBUG;
				SWIFT_OPTIMIZATION_LEVEL = "-Onone";
			};
			name = Debug;
		};
		3DEEE30929D297160046984F /* Release */ = {
			isa = XCBuildConfiguration;
			buildSettings = {
				ALWAYS_SEARCH_USER_PATHS = NO;
				CLANG_ANALYZER_NONNULL = YES;
				CLANG_ANALYZER_NUMBER_OBJECT_CONVERSION = YES_AGGRESSIVE;
				CLANG_CXX_LANGUAGE_STANDARD = "gnu++20";
				CLANG_ENABLE_MODULES = YES;
				CLANG_ENABLE_OBJC_ARC = YES;
				CLANG_ENABLE_OBJC_WEAK = YES;
				CLANG_WARN_BLOCK_CAPTURE_AUTORELEASING = YES;
				CLANG_WARN_BOOL_CONVERSION = YES;
				CLANG_WARN_COMMA = YES;
				CLANG_WARN_CONSTANT_CONVERSION = YES;
				CLANG_WARN_DEPRECATED_OBJC_IMPLEMENTATIONS = YES;
				CLANG_WARN_DIRECT_OBJC_ISA_USAGE = YES_ERROR;
				CLANG_WARN_DOCUMENTATION_COMMENTS = YES;
				CLANG_WARN_EMPTY_BODY = YES;
				CLANG_WARN_ENUM_CONVERSION = YES;
				CLANG_WARN_INFINITE_RECURSION = YES;
				CLANG_WARN_INT_CONVERSION = YES;
				CLANG_WARN_NON_LITERAL_NULL_CONVERSION = YES;
				CLANG_WARN_OBJC_IMPLICIT_RETAIN_SELF = YES;
				CLANG_WARN_OBJC_LITERAL_CONVERSION = YES;
				CLANG_WARN_OBJC_ROOT_CLASS = YES_ERROR;
				CLANG_WARN_QUOTED_INCLUDE_IN_FRAMEWORK_HEADER = YES;
				CLANG_WARN_RANGE_LOOP_ANALYSIS = YES;
				CLANG_WARN_STRICT_PROTOTYPES = YES;
				CLANG_WARN_SUSPICIOUS_MOVE = YES;
				CLANG_WARN_UNGUARDED_AVAILABILITY = YES_AGGRESSIVE;
				CLANG_WARN_UNREACHABLE_CODE = YES;
				CLANG_WARN__DUPLICATE_METHOD_MATCH = YES;
				COPY_PHASE_STRIP = NO;
				DEBUG_INFORMATION_FORMAT = "dwarf-with-dsym";
				ENABLE_NS_ASSERTIONS = NO;
				ENABLE_STRICT_OBJC_MSGSEND = YES;
				GCC_C_LANGUAGE_STANDARD = gnu11;
				GCC_NO_COMMON_BLOCKS = YES;
				GCC_WARN_64_TO_32_BIT_CONVERSION = YES;
				GCC_WARN_ABOUT_RETURN_TYPE = YES_ERROR;
				GCC_WARN_UNDECLARED_SELECTOR = YES;
				GCC_WARN_UNINITIALIZED_AUTOS = YES_AGGRESSIVE;
				GCC_WARN_UNUSED_FUNCTION = YES;
				GCC_WARN_UNUSED_VARIABLE = YES;
				IPHONEOS_DEPLOYMENT_TARGET = 16.2;
				MTL_ENABLE_DEBUG_INFO = NO;
				MTL_FAST_MATH = YES;
				SDKROOT = iphoneos;
				SWIFT_COMPILATION_MODE = wholemodule;
				SWIFT_OPTIMIZATION_LEVEL = "-O";
				VALIDATE_PRODUCT = YES;
			};
			name = Release;
		};
		3DEEE30B29D297160046984F /* Debug */ = {
			isa = XCBuildConfiguration;
			buildSettings = {
				ASSETCATALOG_COMPILER_APPICON_NAME = AppIcon;
				ASSETCATALOG_COMPILER_GLOBAL_ACCENT_COLOR_NAME = AccentColor;
				CODE_SIGN_STYLE = Automatic;
				CURRENT_PROJECT_VERSION = 1;
				DEVELOPMENT_TEAM = 6BDH3G627D;
				GENERATE_INFOPLIST_FILE = YES;
				INFOPLIST_FILE = Controller/Info.plist;
				INFOPLIST_KEY_NSBluetoothAlwaysUsageDescription = "Use Bluetooth Always";
				INFOPLIST_KEY_NSBluetoothPeripheralUsageDescription = "Use Bluetooth";
				INFOPLIST_KEY_NSCameraUsageDescription = "Use Camera";
				INFOPLIST_KEY_UIApplicationSupportsIndirectInputEvents = YES;
				INFOPLIST_KEY_UILaunchStoryboardName = LaunchScreen;
				INFOPLIST_KEY_UIMainStoryboardFile = Main;
				INFOPLIST_KEY_UISupportedInterfaceOrientations_iPad = "UIInterfaceOrientationPortrait UIInterfaceOrientationPortraitUpsideDown UIInterfaceOrientationLandscapeLeft UIInterfaceOrientationLandscapeRight";
				INFOPLIST_KEY_UISupportedInterfaceOrientations_iPhone = "UIInterfaceOrientationPortrait UIInterfaceOrientationLandscapeLeft UIInterfaceOrientationLandscapeRight";
				LD_RUNPATH_SEARCH_PATHS = (
					"$(inherited)",
					"@executable_path/Frameworks",
				);
				MARKETING_VERSION = 1.0;
				PRODUCT_BUNDLE_IDENTIFIER = com.grovecity.ControllerBeta;
				PRODUCT_NAME = "$(TARGET_NAME)";
				SWIFT_EMIT_LOC_STRINGS = YES;
				SWIFT_VERSION = 5.0;
				TARGETED_DEVICE_FAMILY = "1,2";
			};
			name = Debug;
		};
		3DEEE30C29D297160046984F /* Release */ = {
			isa = XCBuildConfiguration;
			buildSettings = {
				ASSETCATALOG_COMPILER_APPICON_NAME = AppIcon;
				ASSETCATALOG_COMPILER_GLOBAL_ACCENT_COLOR_NAME = AccentColor;
				CODE_SIGN_STYLE = Automatic;
				CURRENT_PROJECT_VERSION = 1;
				DEVELOPMENT_TEAM = 6BDH3G627D;
				GENERATE_INFOPLIST_FILE = YES;
				INFOPLIST_FILE = Controller/Info.plist;
				INFOPLIST_KEY_NSBluetoothAlwaysUsageDescription = "Use Bluetooth Always";
				INFOPLIST_KEY_NSBluetoothPeripheralUsageDescription = "Use Bluetooth";
				INFOPLIST_KEY_NSCameraUsageDescription = "Use Camera";
				INFOPLIST_KEY_UIApplicationSupportsIndirectInputEvents = YES;
				INFOPLIST_KEY_UILaunchStoryboardName = LaunchScreen;
				INFOPLIST_KEY_UIMainStoryboardFile = Main;
				INFOPLIST_KEY_UISupportedInterfaceOrientations_iPad = "UIInterfaceOrientationPortrait UIInterfaceOrientationPortraitUpsideDown UIInterfaceOrientationLandscapeLeft UIInterfaceOrientationLandscapeRight";
				INFOPLIST_KEY_UISupportedInterfaceOrientations_iPhone = "UIInterfaceOrientationPortrait UIInterfaceOrientationLandscapeLeft UIInterfaceOrientationLandscapeRight";
				LD_RUNPATH_SEARCH_PATHS = (
					"$(inherited)",
					"@executable_path/Frameworks",
				);
				MARKETING_VERSION = 1.0;
				PRODUCT_BUNDLE_IDENTIFIER = com.grovecity.ControllerBeta;
				PRODUCT_NAME = "$(TARGET_NAME)";
				SWIFT_EMIT_LOC_STRINGS = YES;
				SWIFT_VERSION = 5.0;
				TARGETED_DEVICE_FAMILY = "1,2";
			};
			name = Release;
		};
		3DEEE30E29D297160046984F /* Debug */ = {
			isa = XCBuildConfiguration;
			buildSettings = {
				ALWAYS_EMBED_SWIFT_STANDARD_LIBRARIES = YES;
				BUNDLE_LOADER = "$(TEST_HOST)";
				CODE_SIGN_STYLE = Automatic;
				CURRENT_PROJECT_VERSION = 1;
				DEVELOPMENT_TEAM = QKK22TXLY8;
				GENERATE_INFOPLIST_FILE = YES;
				IPHONEOS_DEPLOYMENT_TARGET = 16.2;
				MARKETING_VERSION = 1.0;
				PRODUCT_BUNDLE_IDENTIFIER = com.grovecity.ControllerTests;
				PRODUCT_NAME = "$(TARGET_NAME)";
				SWIFT_EMIT_LOC_STRINGS = NO;
				SWIFT_VERSION = 5.0;
				TARGETED_DEVICE_FAMILY = "1,2";
				TEST_HOST = "$(BUILT_PRODUCTS_DIR)/Controller.app/$(BUNDLE_EXECUTABLE_FOLDER_PATH)/Controller";
			};
			name = Debug;
		};
		3DEEE30F29D297160046984F /* Release */ = {
			isa = XCBuildConfiguration;
			buildSettings = {
				ALWAYS_EMBED_SWIFT_STANDARD_LIBRARIES = YES;
				BUNDLE_LOADER = "$(TEST_HOST)";
				CODE_SIGN_STYLE = Automatic;
				CURRENT_PROJECT_VERSION = 1;
				DEVELOPMENT_TEAM = QKK22TXLY8;
				GENERATE_INFOPLIST_FILE = YES;
				IPHONEOS_DEPLOYMENT_TARGET = 16.2;
				MARKETING_VERSION = 1.0;
				PRODUCT_BUNDLE_IDENTIFIER = com.grovecity.ControllerTests;
				PRODUCT_NAME = "$(TARGET_NAME)";
				SWIFT_EMIT_LOC_STRINGS = NO;
				SWIFT_VERSION = 5.0;
				TARGETED_DEVICE_FAMILY = "1,2";
				TEST_HOST = "$(BUILT_PRODUCTS_DIR)/Controller.app/$(BUNDLE_EXECUTABLE_FOLDER_PATH)/Controller";
			};
			name = Release;
		};
		3DEEE31129D297160046984F /* Debug */ = {
			isa = XCBuildConfiguration;
			buildSettings = {
				ALWAYS_EMBED_SWIFT_STANDARD_LIBRARIES = YES;
				CODE_SIGN_STYLE = Automatic;
				CURRENT_PROJECT_VERSION = 1;
				DEVELOPMENT_TEAM = QKK22TXLY8;
				GENERATE_INFOPLIST_FILE = YES;
				MARKETING_VERSION = 1.0;
				PRODUCT_BUNDLE_IDENTIFIER = com.grovecity.ControllerUITests;
				PRODUCT_NAME = "$(TARGET_NAME)";
				SWIFT_EMIT_LOC_STRINGS = NO;
				SWIFT_VERSION = 5.0;
				TARGETED_DEVICE_FAMILY = "1,2";
				TEST_TARGET_NAME = Controller;
			};
			name = Debug;
		};
		3DEEE31229D297160046984F /* Release */ = {
			isa = XCBuildConfiguration;
			buildSettings = {
				ALWAYS_EMBED_SWIFT_STANDARD_LIBRARIES = YES;
				CODE_SIGN_STYLE = Automatic;
				CURRENT_PROJECT_VERSION = 1;
				DEVELOPMENT_TEAM = QKK22TXLY8;
				GENERATE_INFOPLIST_FILE = YES;
				MARKETING_VERSION = 1.0;
				PRODUCT_BUNDLE_IDENTIFIER = com.grovecity.ControllerUITests;
				PRODUCT_NAME = "$(TARGET_NAME)";
				SWIFT_EMIT_LOC_STRINGS = NO;
				SWIFT_VERSION = 5.0;
				TARGETED_DEVICE_FAMILY = "1,2";
				TEST_TARGET_NAME = Controller;
			};
			name = Release;
		};
/* End XCBuildConfiguration section */

/* Begin XCConfigurationList section */
		3DEEE2DB29D297160046984F /* Build configuration list for PBXProject "Controller" */ = {
			isa = XCConfigurationList;
			buildConfigurations = (
				3DEEE30829D297160046984F /* Debug */,
				3DEEE30929D297160046984F /* Release */,
			);
			defaultConfigurationIsVisible = 0;
			defaultConfigurationName = Release;
		};
		3DEEE30A29D297160046984F /* Build configuration list for PBXNativeTarget "Controller" */ = {
			isa = XCConfigurationList;
			buildConfigurations = (
				3DEEE30B29D297160046984F /* Debug */,
				3DEEE30C29D297160046984F /* Release */,
			);
			defaultConfigurationIsVisible = 0;
			defaultConfigurationName = Release;
		};
		3DEEE30D29D297160046984F /* Build configuration list for PBXNativeTarget "ControllerTests" */ = {
			isa = XCConfigurationList;
			buildConfigurations = (
				3DEEE30E29D297160046984F /* Debug */,
				3DEEE30F29D297160046984F /* Release */,
			);
			defaultConfigurationIsVisible = 0;
			defaultConfigurationName = Release;
		};
		3DEEE31029D297160046984F /* Build configuration list for PBXNativeTarget "ControllerUITests" */ = {
			isa = XCConfigurationList;
			buildConfigurations = (
				3DEEE31129D297160046984F /* Debug */,
				3DEEE31229D297160046984F /* Release */,
			);
			defaultConfigurationIsVisible = 0;
			defaultConfigurationName = Release;
		};
/* End XCConfigurationList section */
	};
	rootObject = 3DEEE2D829D297160046984F /* Project object */;
}
